
Microsoft Visual Studio Solution File, Format Version 12.00
# Visual Studio 14
VisualStudioVersion = 14.0.24720.0
MinimumVisualStudioVersion = 10.0.40219.1
Project("{FAE04EC0-301F-11D3-BF4B-00C04F79EFBC}") = "FeedReader", "FeedReader\FeedReader.csproj", "{A4BEB3BA-746B-4683-8C13-8C8ED3A55D15}"
EndProject
Global
	GlobalSection(SolutionConfigurationPlatforms) = preSolution
		Ad-Hoc|iPhone = Ad-Hoc|iPhone
		Ad-Hoc|iPhoneSimulator = Ad-Hoc|iPhoneSimulator
		AppStore|iPhone = AppStore|iPhone
		AppStore|iPhoneSimulator = AppStore|iPhoneSimulator
		Debug|iPhone = Debug|iPhone
		Debug|iPhoneSimulator = Debug|iPhoneSimulator
		Release|iPhone = Release|iPhone
		Release|iPhoneSimulator = Release|iPhoneSimulator
	EndGlobalSection
	GlobalSection(ProjectConfigurationPlatforms) = postSolution
		{A4BEB3BA-746B-4683-8C13-8C8ED3A55D15}.Ad-Hoc|iPhone.ActiveCfg = Ad-Hoc|iPhone
		{A4BEB3BA-746B-4683-8C13-8C8ED3A55D15}.Ad-Hoc|iPhone.Build.0 = Ad-Hoc|iPhone
		{A4BEB3BA-746B-4683-8C13-8C8ED3A55D15}.Ad-Hoc|iPhoneSimulator.ActiveCfg = Ad-Hoc|iPhoneSimulator
		{A4BEB3BA-746B-4683-8C13-8C8ED3A55D15}.Ad-Hoc|iPhoneSimulator.Build.0 = Ad-Hoc|iPhoneSimulator
		{A4BEB3BA-746B-4683-8C13-8C8ED3A55D15}.AppStore|iPhone.ActiveCfg = AppStore|iPhone
		{A4BEB3BA-746B-4683-8C13-8C8ED3A55D15}.AppStore|iPhone.Build.0 = AppStore|iPhone
		{A4BEB3BA-746B-4683-8C13-8C8ED3A55D15}.AppStore|iPhoneSimulator.ActiveCfg = AppStore|iPhoneSimulator
		{A4BEB3BA-746B-4683-8C13-8C8ED3A55D15}.AppStore|iPhoneSimulator.Build.0 = AppStore|iPhoneSimulator
		{A4BEB3BA-746B-4683-8C13-8C8ED3A55D15}.Debug|iPhone.ActiveCfg = Debug|iPhone
		{A4BEB3BA-746B-4683-8C13-8C8ED3A55D15}.Debug|iPhone.Build.0 = Debug|iPhone
		{A4BEB3BA-746B-4683-8C13-8C8ED3A55D15}.Debug|iPhoneSimulator.ActiveCfg = Debug|iPhoneSimulator
		{A4BEB3BA-746B-4683-8C13-8C8ED3A55D15}.Debug|iPhoneSimulator.Build.0 = Debug|iPhoneSimulator
		{A4BEB3BA-746B-4683-8C13-8C8ED3A55D15}.Release|iPhone.ActiveCfg = Release|iPhone
		{A4BEB3BA-746B-4683-8C13-8C8ED3A55D15}.Release|iPhone.Build.0 = Release|iPhone
		{A4BEB3BA-746B-4683-8C13-8C8ED3A55D15}.Release|iPhoneSimulator.ActiveCfg = Release|iPhoneSimulator
		{A4BEB3BA-746B-4683-8C13-8C8ED3A55D15}.Release|iPhoneSimulator.Build.0 = Release|iPhoneSimulator
	EndGlobalSection
	GlobalSection(SolutionProperties) = preSolution
		HideSolutionNode = FALSE
	EndGlobalSection
EndGlobal
